
Microsoft Visual Studio Solution File, Format Version 12.00
# Visual Studio 15
VisualStudioVersion = 15.0.28307.902
MinimumVisualStudioVersion = 10.0.40219.1
Project("{8BC9CEB8-8B4A-11D0-8D11-00A0C91BC942}") = "Week1", "Week1.vcxproj", "{91366DD5-0301-42E3-A641-68C386BB922D}"
EndProject
Global
	GlobalSection(SolutionConfigurationPlatforms) = preSolution
		Debug|x64 = Debug|x64
		Debug|x86 = Debug|x86
		Release|x64 = Release|x64
		Release|x86 = Release|x86
	EndGlobalSection
	GlobalSection(ProjectConfigurationPlatforms) = postSolution
		{91366DD5-0301-42E3-A641-68C386BB922D}.Debug|x64.ActiveCfg = Debug|x64
		{91366DD5-0301-42E3-A641-68C386BB922D}.Debug|x64.Build.0 = Debug|x64
		{91366DD5-0301-42E3-A641-68C386BB922D}.Debug|x86.ActiveCfg = Debug|Win32
		{91366DD5-0301-42E3-A641-68C386BB922D}.Debug|x86.Build.0 = Debug|Win32
		{91366DD5-0301-42E3-A641-68C386BB922D}.Release|x64.ActiveCfg = Release|x64
		{91366DD5-0301-42E3-A641-68C386BB922D}.Release|x64.Build.0 = Release|x64
		{91366DD5-0301-42E3-A641-68C386BB922D}.Release|x86.ActiveCfg = Release|Win32
		{91366DD5-0301-42E3-A641-68C386BB922D}.Release|x86.Build.0 = Release|Win32
	EndGlobalSection
	GlobalSection(SolutionProperties) = preSolution
		HideSolutionNode = FALSE
	EndGlobalSection
	GlobalSection(ExtensibilityGlobals) = postSolution
		SolutionGuid = {D57B29DE-5EBB-4456-863E-1035E8AC457C}
	EndGlobalSection
EndGlobal
